// !$*UTF8*$!
{
	archiveVersion = 1;
	classes = {
	};
	objectVersion = 50;
	objects = {

/* Begin PBXBuildFile section */
		3426013B20E159BA00767696 /* ColorUndoManager.swift in Sources */ = {isa = PBXBuildFile; fileRef = 3426013A20E159BA00767696 /* ColorUndoManager.swift */; };
		34414FA220E3C7E200E0E67A /* ColorRepresentingTextField.swift in Sources */ = {isa = PBXBuildFile; fileRef = 34414FA120E3C7E200E0E67A /* ColorRepresentingTextField.swift */; };
		344AA57720DFEBEA0045C7B2 /* Color Picker Plus.colorPicker in CopyFiles */ = {isa = PBXBuildFile; fileRef = 3491077020D13DDC0058E50D /* Color Picker Plus.colorPicker */; };
		34509CE420D328C400CF78C0 /* RGB.swift in Sources */ = {isa = PBXBuildFile; fileRef = 34509CE320D328C400CF78C0 /* RGB.swift */; };
		34509CE620D3293500CF78C0 /* HSV.swift in Sources */ = {isa = PBXBuildFile; fileRef = 34509CE520D3293500CF78C0 /* HSV.swift */; };
		34509CEA20D3ADDF00CF78C0 /* Logger.swift in Sources */ = {isa = PBXBuildFile; fileRef = 34509CE920D3ADDF00CF78C0 /* Logger.swift */; };
		347FCA7B20E13FE000C6C34A /* ContainerView.swift in Sources */ = {isa = PBXBuildFile; fileRef = 347FCA7A20E13FE000C6C34A /* ContainerView.swift */; };
		3491077A20D13DF80058E50D /* ColorPickerPlus.swift in Sources */ = {isa = PBXBuildFile; fileRef = 3491077920D13DF80058E50D /* ColorPickerPlus.swift */; };
		3491078020D149740058E50D /* ToolbarIcon.tiff in Resources */ = {isa = PBXBuildFile; fileRef = 3491077F20D149740058E50D /* ToolbarIcon.tiff */; };
		3491078220D14A080058E50D /* ColorPickerPlus.xib in Resources */ = {isa = PBXBuildFile; fileRef = 3491078120D14A080058E50D /* ColorPickerPlus.xib */; };
		3491078620D164BF0058E50D /* ColorGraphicsView.swift in Sources */ = {isa = PBXBuildFile; fileRef = 3491078520D164BF0058E50D /* ColorGraphicsView.swift */; };
		3491078820D1771D0058E50D /* HSBGen.swift in Sources */ = {isa = PBXBuildFile; fileRef = 3491078720D1771D0058E50D /* HSBGen.swift */; };
		34BC620F20D27DA90093CCFC /* CurrentColorView.swift in Sources */ = {isa = PBXBuildFile; fileRef = 34BC620E20D27DA90093CCFC /* CurrentColorView.swift */; };
		34CEE9C820E267CC00D56DF9 /* ScrollingTextField.swift in Sources */ = {isa = PBXBuildFile; fileRef = 34CEE9C720E267CC00D56DF9 /* ScrollingTextField.swift */; };
/* End PBXBuildFile section */

/* Begin PBXCopyFilesBuildPhase section */
		344AA57620DFEBB00045C7B2 /* CopyFiles */ = {
			isa = PBXCopyFilesBuildPhase;
			buildActionMask = 2147483647;
			dstPath = $HOME/Library/ColorPickers;
			dstSubfolderSpec = 0;
			files = (
				344AA57720DFEBEA0045C7B2 /* Color Picker Plus.colorPicker in CopyFiles */,
			);
			runOnlyForDeploymentPostprocessing = 0;
		};
/* End PBXCopyFilesBuildPhase section */

/* Begin PBXFileReference section */
		3426013A20E159BA00767696 /* ColorUndoManager.swift */ = {isa = PBXFileReference; lastKnownFileType = sourcecode.swift; path = ColorUndoManager.swift; sourceTree = "<group>"; };
		34414FA120E3C7E200E0E67A /* ColorRepresentingTextField.swift */ = {isa = PBXFileReference; lastKnownFileType = sourcecode.swift; path = ColorRepresentingTextField.swift; sourceTree = "<group>"; };
		34509CE320D328C400CF78C0 /* RGB.swift */ = {isa = PBXFileReference; lastKnownFileType = sourcecode.swift; path = RGB.swift; sourceTree = "<group>"; };
		34509CE520D3293500CF78C0 /* HSV.swift */ = {isa = PBXFileReference; lastKnownFileType = sourcecode.swift; path = HSV.swift; sourceTree = "<group>"; };
		34509CE920D3ADDF00CF78C0 /* Logger.swift */ = {isa = PBXFileReference; lastKnownFileType = sourcecode.swift; path = Logger.swift; sourceTree = "<group>"; };
		347FCA7A20E13FE000C6C34A /* ContainerView.swift */ = {isa = PBXFileReference; lastKnownFileType = sourcecode.swift; path = ContainerView.swift; sourceTree = "<group>"; };
		3491077020D13DDC0058E50D /* Color Picker Plus.colorPicker */ = {isa = PBXFileReference; explicitFileType = wrapper.cfbundle; includeInIndex = 0; path = "Color Picker Plus.colorPicker"; sourceTree = BUILT_PRODUCTS_DIR; };
		3491077320D13DDC0058E50D /* Info.plist */ = {isa = PBXFileReference; lastKnownFileType = text.plist.xml; path = Info.plist; sourceTree = "<group>"; };
		3491077920D13DF80058E50D /* ColorPickerPlus.swift */ = {isa = PBXFileReference; lastKnownFileType = sourcecode.swift; path = ColorPickerPlus.swift; sourceTree = "<group>"; };
		3491077F20D149740058E50D /* ToolbarIcon.tiff */ = {isa = PBXFileReference; lastKnownFileType = image.tiff; path = ToolbarIcon.tiff; sourceTree = "<group>"; };
		3491078120D14A080058E50D /* ColorPickerPlus.xib */ = {isa = PBXFileReference; lastKnownFileType = file.xib; path = ColorPickerPlus.xib; sourceTree = "<group>"; };
		3491078520D164BF0058E50D /* ColorGraphicsView.swift */ = {isa = PBXFileReference; lastKnownFileType = sourcecode.swift; path = ColorGraphicsView.swift; sourceTree = "<group>"; };
		3491078720D1771D0058E50D /* HSBGen.swift */ = {isa = PBXFileReference; lastKnownFileType = sourcecode.swift; path = HSBGen.swift; sourceTree = "<group>"; };
		34BC620E20D27DA90093CCFC /* CurrentColorView.swift */ = {isa = PBXFileReference; lastKnownFileType = sourcecode.swift; path = CurrentColorView.swift; sourceTree = "<group>"; };
		34CEE9C720E267CC00D56DF9 /* ScrollingTextField.swift */ = {isa = PBXFileReference; lastKnownFileType = sourcecode.swift; path = ScrollingTextField.swift; sourceTree = "<group>"; };
/* End PBXFileReference section */

/* Begin PBXFrameworksBuildPhase section */
		3491076D20D13DDC0058E50D /* Frameworks */ = {
			isa = PBXFrameworksBuildPhase;
			buildActionMask = 2147483647;
			files = (
			);
			runOnlyForDeploymentPostprocessing = 0;
		};
/* End PBXFrameworksBuildPhase section */

/* Begin PBXGroup section */
		34414FA320E3CC7A00E0E67A /* Views */ = {
			isa = PBXGroup;
			children = (
				3491078520D164BF0058E50D /* ColorGraphicsView.swift */,
				34BC620E20D27DA90093CCFC /* CurrentColorView.swift */,
				347FCA7A20E13FE000C6C34A /* ContainerView.swift */,
			);
			path = Views;
			sourceTree = "<group>";
		};
		34414FA420E3CCA200E0E67A /* Utils */ = {
			isa = PBXGroup;
			children = (
				3426013A20E159BA00767696 /* ColorUndoManager.swift */,
				34509CE920D3ADDF00CF78C0 /* Logger.swift */,
				3491078720D1771D0058E50D /* HSBGen.swift */,
			);
			path = Utils;
			sourceTree = "<group>";
		};
		34509CE220D328B000CF78C0 /* Models */ = {
			isa = PBXGroup;
			children = (
				34509CE320D328C400CF78C0 /* RGB.swift */,
				34509CE520D3293500CF78C0 /* HSV.swift */,
			);
			path = Models;
			sourceTree = "<group>";
		};
		3491076720D13DDC0058E50D = {
			isa = PBXGroup;
			children = (
				3491077220D13DDC0058E50D /* Color Picker Plus */,
				3491077120D13DDC0058E50D /* Products */,
			);
			sourceTree = "<group>";
		};
		3491077120D13DDC0058E50D /* Products */ = {
			isa = PBXGroup;
			children = (
				3491077020D13DDC0058E50D /* Color Picker Plus.colorPicker */,
			);
			name = Products;
			sourceTree = "<group>";
		};
		3491077220D13DDC0058E50D /* Color Picker Plus */ = {
			isa = PBXGroup;
			children = (
				34414FA420E3CCA200E0E67A /* Utils */,
				34509CE220D328B000CF78C0 /* Models */,
				34414FA320E3CC7A00E0E67A /* Views */,
				3491077F20D149740058E50D /* ToolbarIcon.tiff */,
				3491077320D13DDC0058E50D /* Info.plist */,
				3491077920D13DF80058E50D /* ColorPickerPlus.swift */,
				3491078120D14A080058E50D /* ColorPickerPlus.xib */,
				34CEE9C720E267CC00D56DF9 /* ScrollingTextField.swift */,
				34414FA120E3C7E200E0E67A /* ColorRepresentingTextField.swift */,
			);
			path = "Color Picker Plus";
			sourceTree = "<group>";
		};
/* End PBXGroup section */

/* Begin PBXNativeTarget section */
		3491076F20D13DDC0058E50D /* Color Picker Plus */ = {
			isa = PBXNativeTarget;
			buildConfigurationList = 3491077620D13DDC0058E50D /* Build configuration list for PBXNativeTarget "Color Picker Plus" */;
			buildPhases = (
				3491076C20D13DDC0058E50D /* Sources */,
				3491076D20D13DDC0058E50D /* Frameworks */,
				3491076E20D13DDC0058E50D /* Resources */,
				344AA57620DFEBB00045C7B2 /* CopyFiles */,
			);
			buildRules = (
			);
			dependencies = (
			);
			name = "Color Picker Plus";
			productName = "Color Picker Plus";
			productReference = 3491077020D13DDC0058E50D /* Color Picker Plus.colorPicker */;
			productType = "com.apple.product-type.bundle";
		};
/* End PBXNativeTarget section */

/* Begin PBXProject section */
		3491076820D13DDC0058E50D /* Project object */ = {
			isa = PBXProject;
			attributes = {
				LastUpgradeCheck = 1010;
				ORGANIZATIONNAME = "Viktor Hundahl Strate";
				TargetAttributes = {
					3491076F20D13DDC0058E50D = {
						CreatedOnToolsVersion = 9.4;
						LastSwiftMigration = 0940;
					};
				};
			};
			buildConfigurationList = 3491076B20D13DDC0058E50D /* Build configuration list for PBXProject "Color Picker Plus" */;
			compatibilityVersion = "Xcode 9.3";
			developmentRegion = en;
			hasScannedForEncodings = 0;
			knownRegions = (
				en,
			);
			mainGroup = 3491076720D13DDC0058E50D;
			productRefGroup = 3491077120D13DDC0058E50D /* Products */;
			projectDirPath = "";
			projectRoot = "";
			targets = (
				3491076F20D13DDC0058E50D /* Color Picker Plus */,
			);
		};
/* End PBXProject section */

/* Begin PBXResourcesBuildPhase section */
		3491076E20D13DDC0058E50D /* Resources */ = {
			isa = PBXResourcesBuildPhase;
			buildActionMask = 2147483647;
			files = (
				3491078220D14A080058E50D /* ColorPickerPlus.xib in Resources */,
				3491078020D149740058E50D /* ToolbarIcon.tiff in Resources */,
			);
			runOnlyForDeploymentPostprocessing = 0;
		};
/* End PBXResourcesBuildPhase section */

/* Begin PBXSourcesBuildPhase section */
		3491076C20D13DDC0058E50D /* Sources */ = {
			isa = PBXSourcesBuildPhase;
			buildActionMask = 2147483647;
			files = (
				34509CE420D328C400CF78C0 /* RGB.swift in Sources */,
				3491077A20D13DF80058E50D /* ColorPickerPlus.swift in Sources */,
				3491078620D164BF0058E50D /* ColorGraphicsView.swift in Sources */,
				34509CEA20D3ADDF00CF78C0 /* Logger.swift in Sources */,
				3426013B20E159BA00767696 /* ColorUndoManager.swift in Sources */,
				34CEE9C820E267CC00D56DF9 /* ScrollingTextField.swift in Sources */,
				347FCA7B20E13FE000C6C34A /* ContainerView.swift in Sources */,
				34509CE620D3293500CF78C0 /* HSV.swift in Sources */,
				34BC620F20D27DA90093CCFC /* CurrentColorView.swift in Sources */,
				3491078820D1771D0058E50D /* HSBGen.swift in Sources */,
				34414FA220E3C7E200E0E67A /* ColorRepresentingTextField.swift in Sources */,
			);
			runOnlyForDeploymentPostprocessing = 0;
		};
/* End PBXSourcesBuildPhase section */

/* Begin XCBuildConfiguration section */
		3491077420D13DDC0058E50D /* Debug */ = {
			isa = XCBuildConfiguration;
			buildSettings = {
				ALWAYS_SEARCH_USER_PATHS = NO;
				CLANG_ANALYZER_NONNULL = YES;
				CLANG_ANALYZER_NUMBER_OBJECT_CONVERSION = YES_AGGRESSIVE;
				CLANG_CXX_LANGUAGE_STANDARD = "gnu++14";
				CLANG_CXX_LIBRARY = "libc++";
				CLANG_ENABLE_MODULES = YES;
				CLANG_ENABLE_OBJC_ARC = YES;
				CLANG_ENABLE_OBJC_WEAK = YES;
				CLANG_WARN_BLOCK_CAPTURE_AUTORELEASING = YES;
				CLANG_WARN_BOOL_CONVERSION = YES;
				CLANG_WARN_COMMA = YES;
				CLANG_WARN_CONSTANT_CONVERSION = YES;
				CLANG_WARN_DEPRECATED_OBJC_IMPLEMENTATIONS = YES;
				CLANG_WARN_DIRECT_OBJC_ISA_USAGE = YES_ERROR;
				CLANG_WARN_DOCUMENTATION_COMMENTS = YES;
				CLANG_WARN_EMPTY_BODY = YES;
				CLANG_WARN_ENUM_CONVERSION = YES;
				CLANG_WARN_INFINITE_RECURSION = YES;
				CLANG_WARN_INT_CONVERSION = YES;
				CLANG_WARN_NON_LITERAL_NULL_CONVERSION = YES;
				CLANG_WARN_OBJC_IMPLICIT_RETAIN_SELF = YES;
				CLANG_WARN_OBJC_LITERAL_CONVERSION = YES;
				CLANG_WARN_OBJC_ROOT_CLASS = YES_ERROR;
				CLANG_WARN_RANGE_LOOP_ANALYSIS = YES;
				CLANG_WARN_STRICT_PROTOTYPES = YES;
				CLANG_WARN_SUSPICIOUS_MOVE = YES;
				CLANG_WARN_UNGUARDED_AVAILABILITY = YES_AGGRESSIVE;
				CLANG_WARN_UNREACHABLE_CODE = YES;
				CLANG_WARN__DUPLICATE_METHOD_MATCH = YES;
				CODE_SIGN_IDENTITY = "-";
				COPY_PHASE_STRIP = NO;
				DEBUG_INFORMATION_FORMAT = dwarf;
				ENABLE_STRICT_OBJC_MSGSEND = YES;
				ENABLE_TESTABILITY = YES;
				GCC_C_LANGUAGE_STANDARD = gnu11;
				GCC_DYNAMIC_NO_PIC = NO;
				GCC_NO_COMMON_BLOCKS = YES;
				GCC_OPTIMIZATION_LEVEL = 0;
				GCC_PREPROCESSOR_DEFINITIONS = (
					"DEBUG=1",
					"$(inherited)",
				);
				GCC_WARN_64_TO_32_BIT_CONVERSION = YES;
				GCC_WARN_ABOUT_RETURN_TYPE = YES_ERROR;
				GCC_WARN_UNDECLARED_SELECTOR = YES;
				GCC_WARN_UNINITIALIZED_AUTOS = YES_AGGRESSIVE;
				GCC_WARN_UNUSED_FUNCTION = YES;
				GCC_WARN_UNUSED_VARIABLE = YES;
				MACOSX_DEPLOYMENT_TARGET = 10.13;
				MTL_ENABLE_DEBUG_INFO = YES;
				ONLY_ACTIVE_ARCH = YES;
				SDKROOT = macosx;
			};
			name = Debug;
		};
		3491077520D13DDC0058E50D /* Release */ = {
			isa = XCBuildConfiguration;
			buildSettings = {
				ALWAYS_SEARCH_USER_PATHS = NO;
				CLANG_ANALYZER_NONNULL = YES;
				CLANG_ANALYZER_NUMBER_OBJECT_CONVERSION = YES_AGGRESSIVE;
				CLANG_CXX_LANGUAGE_STANDARD = "gnu++14";
				CLANG_CXX_LIBRARY = "libc++";
				CLANG_ENABLE_MODULES = YES;
				CLANG_ENABLE_OBJC_ARC = YES;
				CLANG_ENABLE_OBJC_WEAK = YES;
				CLANG_WARN_BLOCK_CAPTURE_AUTORELEASING = YES;
				CLANG_WARN_BOOL_CONVERSION = YES;
				CLANG_WARN_COMMA = YES;
				CLANG_WARN_CONSTANT_CONVERSION = YES;
				CLANG_WARN_DEPRECATED_OBJC_IMPLEMENTATIONS = YES;
				CLANG_WARN_DIRECT_OBJC_ISA_USAGE = YES_ERROR;
				CLANG_WARN_DOCUMENTATION_COMMENTS = YES;
				CLANG_WARN_EMPTY_BODY = YES;
				CLANG_WARN_ENUM_CONVERSION = YES;
				CLANG_WARN_INFINITE_RECURSION = YES;
				CLANG_WARN_INT_CONVERSION = YES;
				CLANG_WARN_NON_LITERAL_NULL_CONVERSION = YES;
				CLANG_WARN_OBJC_IMPLICIT_RETAIN_SELF = YES;
				CLANG_WARN_OBJC_LITERAL_CONVERSION = YES;
				CLANG_WARN_OBJC_ROOT_CLASS = YES_ERROR;
				CLANG_WARN_RANGE_LOOP_ANALYSIS = YES;
				CLANG_WARN_STRICT_PROTOTYPES = YES;
				CLANG_WARN_SUSPICIOUS_MOVE = YES;
				CLANG_WARN_UNGUARDED_AVAILABILITY = YES_AGGRESSIVE;
				CLANG_WARN_UNREACHABLE_CODE = YES;
				CLANG_WARN__DUPLICATE_METHOD_MATCH = YES;
				CODE_SIGN_IDENTITY = "-";
				COPY_PHASE_STRIP = NO;
				DEBUG_INFORMATION_FORMAT = "dwarf-with-dsym";
				ENABLE_NS_ASSERTIONS = NO;
				ENABLE_STRICT_OBJC_MSGSEND = YES;
				GCC_C_LANGUAGE_STANDARD = gnu11;
				GCC_NO_COMMON_BLOCKS = YES;
				GCC_WARN_64_TO_32_BIT_CONVERSION = YES;
				GCC_WARN_ABOUT_RETURN_TYPE = YES_ERROR;
				GCC_WARN_UNDECLARED_SELECTOR = YES;
				GCC_WARN_UNINITIALIZED_AUTOS = YES_AGGRESSIVE;
				GCC_WARN_UNUSED_FUNCTION = YES;
				GCC_WARN_UNUSED_VARIABLE = YES;
				MACOSX_DEPLOYMENT_TARGET = 10.13;
				MTL_ENABLE_DEBUG_INFO = NO;
				SDKROOT = macosx;
				SWIFT_COMPILATION_MODE = wholemodule;
			};
			name = Release;
		};
		3491077720D13DDC0058E50D /* Debug */ = {
			isa = XCBuildConfiguration;
			buildSettings = {
				ALWAYS_EMBED_SWIFT_STANDARD_LIBRARIES = YES;
				CLANG_ENABLE_MODULES = YES;
				CODE_SIGN_STYLE = Automatic;
				COMBINE_HIDPI_IMAGES = YES;
				INFOPLIST_FILE = "Color Picker Plus/Info.plist";
				LD_RUNPATH_SEARCH_PATHS = (
					"$(inherited)",
					"@executable_path/../Frameworks",
					"@loader_path/../Frameworks",
				);
				OTHER_SWIFT_FLAGS = "-D DEBUG";
				PRODUCT_BUNDLE_IDENTIFIER = "dk.qpqp.Color-Picker-Plus";
				PRODUCT_NAME = "$(TARGET_NAME)";
				SKIP_INSTALL = YES;
				SWIFT_OPTIMIZATION_LEVEL = "-Onone";
				SWIFT_VERSION = 4.0;
				WRAPPER_EXTENSION = colorPicker;
			};
			name = Debug;
		};
		3491077820D13DDC0058E50D /* Release */ = {
			isa = XCBuildConfiguration;
			buildSettings = {
				ALWAYS_EMBED_SWIFT_STANDARD_LIBRARIES = YES;
				CLANG_ENABLE_MODULES = YES;
				CODE_SIGN_STYLE = Automatic;
				COMBINE_HIDPI_IMAGES = YES;
				INFOPLIST_FILE = "Color Picker Plus/Info.plist";
				LD_RUNPATH_SEARCH_PATHS = (
					"$(inherited)",
					"@executable_path/../Frameworks",
					"@loader_path/../Frameworks",
				);
				PRODUCT_BUNDLE_IDENTIFIER = "dk.qpqp.Color-Picker-Plus";
				PRODUCT_NAME = "$(TARGET_NAME)";
				SKIP_INSTALL = YES;
				SWIFT_VERSION = 4.0;
				WRAPPER_EXTENSION = colorPicker;
			};
			name = Release;
		};
/* End XCBuildConfiguration section */

/* Begin XCConfigurationList section */
		3491076B20D13DDC0058E50D /* Build configuration list for PBXProject "Color Picker Plus" */ = {
			isa = XCConfigurationList;
			buildConfigurations = (
				3491077420D13DDC0058E50D /* Debug */,
				3491077520D13DDC0058E50D /* Release */,
			);
			defaultConfigurationIsVisible = 0;
			defaultConfigurationName = Release;
		};
		3491077620D13DDC0058E50D /* Build configuration list for PBXNativeTarget "Color Picker Plus" */ = {
			isa = XCConfigurationList;
			buildConfigurations = (
				3491077720D13DDC0058E50D /* Debug */,
				3491077820D13DDC0058E50D /* Release */,
			);
			defaultConfigurationIsVisible = 0;
			defaultConfigurationName = Release;
		};
/* End XCConfigurationList section */
	};
	rootObject = 3491076820D13DDC0058E50D /* Project object */;
}
